# THIS IS AN AUTOGENERATED FILE. DO NOT EDIT THIS FILE DIRECTLY.
# yarn lockfile v1


bs-webapi@^0.15.9:
  version "0.15.9"
  resolved "https://registry.yarnpkg.com/bs-webapi/-/bs-webapi-0.15.9.tgz#d1dcfbd40499a3b0914daacc4ceef47a0f3c906f"
  integrity sha512-bmzO6na2HmK01a34qB7afMwfVSrPxkP3EGzUslWObuxbHIlLC0PAMDu4lA8ZL5NasBUctlwnA1QZxox+1aNWWw==
